
Microsoft Visual Studio Solution File, Format Version 12.00
# Visual Studio Version 16
VisualStudioVersion = 16.0.30114.105
MinimumVisualStudioVersion = 10.0.40219.1
Project("{9A19103F-16F7-4668-BE54-9A1E7A4F7556}") = "PhoneBookModel", "PhoneBookModel\PhoneBookModel.csproj", "{62C12E19-7BE3-4686-980A-47A3AD6B5EF8}"
EndProject
Project("{9A19103F-16F7-4668-BE54-9A1E7A4F7556}") = "PhoneBookDTOs", "PhoneBookDTOs\PhoneBookDTOs.csproj", "{10A2BDCA-9AAF-45C6-B2DF-B99E647C237A}"
EndProject
Project("{9A19103F-16F7-4668-BE54-9A1E7A4F7556}") = "PhoneBookDAL", "PhoneBookDAL\PhoneBookDAL.csproj", "{EC1F64A7-2406-44E1-90F8-ED919E7C333F}"
EndProject
Project("{9A19103F-16F7-4668-BE54-9A1E7A4F7556}") = "PhoneBookBLL", "PhoneBookBLL\PhoneBookBLL.csproj", "{DFC2B314-D804-4FDF-BB14-D87E60FD8AB9}"
EndProject
Project("{9A19103F-16F7-4668-BE54-9A1E7A4F7556}") = "PhoneBookManager.API", "PhoneBookManager.API\PhoneBookManager.API.csproj", "{C874378F-2603-4331-93B9-B22991EED38E}"
EndProject
Project("{2150E333-8FDC-42A3-9474-1A3956D46DE8}") = "Solution Items", "Solution Items", "{9AB9FF83-0A5D-4E64-A556-E9EC8320FD35}"
	ProjectSection(SolutionItems) = preProject
		ReadMe.txt = ReadMe.txt
	EndProjectSection
EndProject
Project("{FAE04EC0-301F-11D3-BF4B-00C04F79EFBC}") = "PhoneBookManager.API.Test", "PhoneBookManager.API.Test\PhoneBookManager.API.Test.csproj", "{77658CCC-CD78-40EC-8A46-8FFD7B3E6E7B}"
EndProject
Global
	GlobalSection(SolutionConfigurationPlatforms) = preSolution
		Debug|Any CPU = Debug|Any CPU
		Release|Any CPU = Release|Any CPU
	EndGlobalSection
	GlobalSection(ProjectConfigurationPlatforms) = postSolution
		{62C12E19-7BE3-4686-980A-47A3AD6B5EF8}.Debug|Any CPU.ActiveCfg = Debug|Any CPU
		{62C12E19-7BE3-4686-980A-47A3AD6B5EF8}.Debug|Any CPU.Build.0 = Debug|Any CPU
		{62C12E19-7BE3-4686-980A-47A3AD6B5EF8}.Release|Any CPU.ActiveCfg = Release|Any CPU
		{62C12E19-7BE3-4686-980A-47A3AD6B5EF8}.Release|Any CPU.Build.0 = Release|Any CPU
		{10A2BDCA-9AAF-45C6-B2DF-B99E647C237A}.Debug|Any CPU.ActiveCfg = Debug|Any CPU
		{10A2BDCA-9AAF-45C6-B2DF-B99E647C237A}.Debug|Any CPU.Build.0 = Debug|Any CPU
		{10A2BDCA-9AAF-45C6-B2DF-B99E647C237A}.Release|Any CPU.ActiveCfg = Release|Any CPU
		{10A2BDCA-9AAF-45C6-B2DF-B99E647C237A}.Release|Any CPU.Build.0 = Release|Any CPU
		{EC1F64A7-2406-44E1-90F8-ED919E7C333F}.Debug|Any CPU.ActiveCfg = Debug|Any CPU
		{EC1F64A7-2406-44E1-90F8-ED919E7C333F}.Debug|Any CPU.Build.0 = Debug|Any CPU
		{EC1F64A7-2406-44E1-90F8-ED919E7C333F}.Release|Any CPU.ActiveCfg = Release|Any CPU
		{EC1F64A7-2406-44E1-90F8-ED919E7C333F}.Release|Any CPU.Build.0 = Release|Any CPU
		{DFC2B314-D804-4FDF-BB14-D87E60FD8AB9}.Debug|Any CPU.ActiveCfg = Debug|Any CPU
		{DFC2B314-D804-4FDF-BB14-D87E60FD8AB9}.Debug|Any CPU.Build.0 = Debug|Any CPU
		{DFC2B314-D804-4FDF-BB14-D87E60FD8AB9}.Release|Any CPU.ActiveCfg = Release|Any CPU
		{DFC2B314-D804-4FDF-BB14-D87E60FD8AB9}.Release|Any CPU.Build.0 = Release|Any CPU
		{C874378F-2603-4331-93B9-B22991EED38E}.Debug|Any CPU.ActiveCfg = Debug|Any CPU
		{C874378F-2603-4331-93B9-B22991EED38E}.Debug|Any CPU.Build.0 = Debug|Any CPU
		{C874378F-2603-4331-93B9-B22991EED38E}.Release|Any CPU.ActiveCfg = Release|Any CPU
		{C874378F-2603-4331-93B9-B22991EED38E}.Release|Any CPU.Build.0 = Release|Any CPU
		{77658CCC-CD78-40EC-8A46-8FFD7B3E6E7B}.Debug|Any CPU.ActiveCfg = Debug|Any CPU
		{77658CCC-CD78-40EC-8A46-8FFD7B3E6E7B}.Debug|Any CPU.Build.0 = Debug|Any CPU
		{77658CCC-CD78-40EC-8A46-8FFD7B3E6E7B}.Release|Any CPU.ActiveCfg = Release|Any CPU
		{77658CCC-CD78-40EC-8A46-8FFD7B3E6E7B}.Release|Any CPU.Build.0 = Release|Any CPU
	EndGlobalSection
	GlobalSection(SolutionProperties) = preSolution
		HideSolutionNode = FALSE
	EndGlobalSection
	GlobalSection(ExtensibilityGlobals) = postSolution
		SolutionGuid = {95D8E698-C3BD-4F96-874F-7CBB54649632}
	EndGlobalSection
EndGlobal
